{
  "name": "reaction",
  "version": "1.5.6",
  "lockfileVersion": 1,
  "requires": true,
  "dependencies": {
    "ansi-regex": {
      "version": "https://registry.npmjs.org/ansi-regex/-/ansi-regex-2.1.1.tgz",
      "integrity": "sha1-w7M6te42DYbg5ijwRorn7yfWVN8="
    },
    "babel-helper-builder-react-jsx": {
      "version": "6.26.0",
      "resolved": "https://registry.npmjs.org/babel-helper-builder-react-jsx/-/babel-helper-builder-react-jsx-6.26.0.tgz",
      "integrity": "sha1-Of+DE7dci2Xc7/HzHTg+D/KkCKA=",
      "dev": true,
      "requires": {
        "babel-runtime": "https://registry.npmjs.org/babel-runtime/-/babel-runtime-6.26.0.tgz",
        "babel-types": "https://registry.npmjs.org/babel-types/-/babel-types-6.26.0.tgz",
        "esutils": "https://registry.npmjs.org/esutils/-/esutils-2.0.2.tgz"
      }
    },
    "babel-plugin-syntax-flow": {
      "version": "https://registry.npmjs.org/babel-plugin-syntax-flow/-/babel-plugin-syntax-flow-6.18.0.tgz",
      "integrity": "sha1-TDqyCiryaqIM0lmVw5jE63AxDI0=",
      "dev": true
    },
    "babel-plugin-syntax-jsx": {
      "version": "6.18.0",
      "resolved": "https://registry.npmjs.org/babel-plugin-syntax-jsx/-/babel-plugin-syntax-jsx-6.18.0.tgz",
      "integrity": "sha1-CvMqmm4Tyno/1QaeYtew9Y0NiUY=",
      "dev": true
    },
    "babel-plugin-transform-flow-strip-types": {
      "version": "https://registry.npmjs.org/babel-plugin-transform-flow-strip-types/-/babel-plugin-transform-flow-strip-types-6.22.0.tgz",
      "integrity": "sha1-hMtnKTXUNxT9wyvOhFaNh0Qc988=",
      "dev": true,
      "requires": {
        "babel-plugin-syntax-flow": "https://registry.npmjs.org/babel-plugin-syntax-flow/-/babel-plugin-syntax-flow-6.18.0.tgz",
        "babel-runtime": "https://registry.npmjs.org/babel-runtime/-/babel-runtime-6.26.0.tgz"
      }
    },
    "babel-plugin-transform-react-display-name": {
      "version": "6.25.0",
      "resolved": "https://registry.npmjs.org/babel-plugin-transform-react-display-name/-/babel-plugin-transform-react-display-name-6.25.0.tgz",
      "integrity": "sha1-Z+K/Hx6ck6sI25Z5LgU5K/LMKNE=",
      "dev": true,
      "requires": {
        "babel-runtime": "https://registry.npmjs.org/babel-runtime/-/babel-runtime-6.26.0.tgz"
      }
    },
    "babel-plugin-transform-react-jsx": {
      "version": "6.24.1",
      "resolved": "https://registry.npmjs.org/babel-plugin-transform-react-jsx/-/babel-plugin-transform-react-jsx-6.24.1.tgz",
      "integrity": "sha1-hAoCjn30YN/DotKfDA2R9jduZqM=",
      "dev": true,
      "requires": {
        "babel-helper-builder-react-jsx": "6.26.0",
        "babel-plugin-syntax-jsx": "6.18.0",
        "babel-runtime": "https://registry.npmjs.org/babel-runtime/-/babel-runtime-6.26.0.tgz"
      }
    },
    "babel-plugin-transform-react-jsx-self": {
      "version": "6.22.0",
      "resolved": "https://registry.npmjs.org/babel-plugin-transform-react-jsx-self/-/babel-plugin-transform-react-jsx-self-6.22.0.tgz",
      "integrity": "sha1-322AqdomEqEh5t3XVYvL7PBuY24=",
      "dev": true,
      "requires": {
        "babel-plugin-syntax-jsx": "6.18.0",
        "babel-runtime": "https://registry.npmjs.org/babel-runtime/-/babel-runtime-6.26.0.tgz"
      }
    },
    "babel-plugin-transform-react-jsx-source": {
      "version": "6.22.0",
      "resolved": "https://registry.npmjs.org/babel-plugin-transform-react-jsx-source/-/babel-plugin-transform-react-jsx-source-6.22.0.tgz",
      "integrity": "sha1-ZqwSFT9c0tF7PBkmj0vwGX9E7NY=",
      "dev": true,
      "requires": {
        "babel-plugin-syntax-jsx": "6.18.0",
        "babel-runtime": "https://registry.npmjs.org/babel-runtime/-/babel-runtime-6.26.0.tgz"
      }
    },
    "babel-preset-flow": {
      "version": "6.23.0",
      "resolved": "https://registry.npmjs.org/babel-preset-flow/-/babel-preset-flow-6.23.0.tgz",
      "integrity": "sha1-5xIYiHCFrpoktb5Baa/7WZgWxJ0=",
      "dev": true,
      "requires": {
        "babel-plugin-transform-flow-strip-types": "https://registry.npmjs.org/babel-plugin-transform-flow-strip-types/-/babel-plugin-transform-flow-strip-types-6.22.0.tgz"
      }
    },
    "babel-preset-react": {
      "version": "6.24.1",
      "resolved": "https://registry.npmjs.org/babel-preset-react/-/babel-preset-react-6.24.1.tgz",
      "integrity": "sha1-umnfrqRfw+xjm2pOzqbhdwLJE4A=",
      "dev": true,
      "requires": {
        "babel-plugin-syntax-jsx": "6.18.0",
        "babel-plugin-transform-react-display-name": "6.25.0",
        "babel-plugin-transform-react-jsx": "6.24.1",
        "babel-plugin-transform-react-jsx-self": "6.22.0",
        "babel-plugin-transform-react-jsx-source": "6.22.0",
        "babel-preset-flow": "6.23.0"
      }
    },
    "babel-runtime": {
      "version": "https://registry.npmjs.org/babel-runtime/-/babel-runtime-6.26.0.tgz",
      "integrity": "sha1-llxwWGaOgrVde/4E/yM3vItWR/4=",
      "dev": true,
      "requires": {
        "core-js": "https://registry.npmjs.org/core-js/-/core-js-2.5.1.tgz",
        "regenerator-runtime": "https://registry.npmjs.org/regenerator-runtime/-/regenerator-runtime-0.11.0.tgz"
      }
    },
    "babel-types": {
      "version": "https://registry.npmjs.org/babel-types/-/babel-types-6.26.0.tgz",
      "integrity": "sha1-o7Bz+Uq0nrb6Vc1lInozQ4BjJJc=",
      "dev": true,
      "requires": {
        "babel-runtime": "https://registry.npmjs.org/babel-runtime/-/babel-runtime-6.26.0.tgz",
        "esutils": "https://registry.npmjs.org/esutils/-/esutils-2.0.2.tgz",
        "lodash": "https://registry.npmjs.org/lodash/-/lodash-4.17.4.tgz",
        "to-fast-properties": "https://registry.npmjs.org/to-fast-properties/-/to-fast-properties-1.0.3.tgz"
      }
    },
    "builtin-modules": {
      "version": "https://registry.npmjs.org/builtin-modules/-/builtin-modules-1.1.1.tgz",
      "integrity": "sha1-Jw8HbFpywC9bZaR9+Uxf46J4iS8="
    },
    "code-point-at": {
      "version": "https://registry.npmjs.org/code-point-at/-/code-point-at-1.1.0.tgz",
      "integrity": "sha1-DQcLTQQ6W+ozovGkDi7bPZpMz3c="
    },
    "component-emitter": {
      "version": "1.2.1",
      "resolved": "https://npm.vip.global.square/component-emitter/-/component-emitter-1.2.1.tgz",
      "integrity": "sha1-E3kY1teCg/ffemt8WmPhQOaUJeY="
    },
    "cookiejar": {
      "version": "2.1.1",
      "resolved": "https://npm.vip.global.square/cookiejar/-/cookiejar-2.1.1.tgz",
      "integrity": "sha1-Qa1XsbVVlR7BcUEqgZQrHoIA00o="
    },
    "core-js": {
      "version": "https://registry.npmjs.org/core-js/-/core-js-2.5.1.tgz",
      "integrity": "sha1-rmh03GaTd4m4B1T/VCjfZoGcpQs=",
      "dev": true
    },
    "cross-spawn": {
      "version": "https://registry.npmjs.org/cross-spawn/-/cross-spawn-5.1.0.tgz",
      "integrity": "sha1-6L0O/uWPz/b4+UUQoKVUu/ojVEk=",
      "requires": {
        "lru-cache": "https://registry.npmjs.org/lru-cache/-/lru-cache-4.1.1.tgz",
        "shebang-command": "https://registry.npmjs.org/shebang-command/-/shebang-command-1.2.0.tgz",
        "which": "https://registry.npmjs.org/which/-/which-1.3.0.tgz"
      }
    },
    "decamelize": {
      "version": "https://registry.npmjs.org/decamelize/-/decamelize-1.2.0.tgz",
      "integrity": "sha1-9lNNFRSCabIDUue+4m9QH5oZEpA="
    },
    "error-ex": {
      "version": "https://registry.npmjs.org/error-ex/-/error-ex-1.3.1.tgz",
      "integrity": "sha1-+FWobOYa3E6GIcPNoh56dhLDqNw=",
      "requires": {
        "is-arrayish": "https://registry.npmjs.org/is-arrayish/-/is-arrayish-0.2.1.tgz"
      }
    },
    "esutils": {
      "version": "https://registry.npmjs.org/esutils/-/esutils-2.0.2.tgz",
      "integrity": "sha1-Cr9PHKpbyx96nYrMbepPqqBLrJs=",
      "dev": true
    },
    "execa": {
      "version": "https://registry.npmjs.org/execa/-/execa-0.7.0.tgz",
      "integrity": "sha1-lEvs00zEHuMqY6n68nrVpl/Fl3c=",
      "requires": {
        "cross-spawn": "https://registry.npmjs.org/cross-spawn/-/cross-spawn-5.1.0.tgz",
        "get-stream": "https://registry.npmjs.org/get-stream/-/get-stream-3.0.0.tgz",
        "is-stream": "https://registry.npmjs.org/is-stream/-/is-stream-1.1.0.tgz",
        "npm-run-path": "https://registry.npmjs.org/npm-run-path/-/npm-run-path-2.0.2.tgz",
        "p-finally": "https://registry.npmjs.org/p-finally/-/p-finally-1.0.0.tgz",
        "signal-exit": "https://registry.npmjs.org/signal-exit/-/signal-exit-3.0.2.tgz",
        "strip-eof": "https://registry.npmjs.org/strip-eof/-/strip-eof-1.0.0.tgz"
      }
    },
    "find-up": {
      "version": "https://registry.npmjs.org/find-up/-/find-up-2.1.0.tgz",
      "integrity": "sha1-RdG35QbHF93UgndaK3eSCjwMV6c=",
      "requires": {
        "locate-path": "https://registry.npmjs.org/locate-path/-/locate-path-2.0.0.tgz"
      }
    },
    "formidable": {
      "version": "1.1.1",
      "resolved": "https://npm.vip.global.square/formidable/-/formidable-1.1.1.tgz",
      "integrity": "sha1-lriIb3w8NQi5Mta9cMTTqI818ak="
    },
    "get-caller-file": {
      "version": "https://registry.npmjs.org/get-caller-file/-/get-caller-file-1.0.2.tgz",
      "integrity": "sha1-9wLmMSfn4jHBYKgMFVSstw1QR+U="
    },
    "get-stream": {
      "version": "https://registry.npmjs.org/get-stream/-/get-stream-3.0.0.tgz",
      "integrity": "sha1-jpQ9E1jcN1VQVOy+LtsFqhdO3hQ="
    },
    "graceful-fs": {
      "version": "https://registry.npmjs.org/graceful-fs/-/graceful-fs-4.1.11.tgz",
      "integrity": "sha1-Dovf5NHduIVNZOBOp8AOKgJuVlg="
    },
    "hosted-git-info": {
      "version": "https://registry.npmjs.org/hosted-git-info/-/hosted-git-info-2.5.0.tgz",
      "integrity": "sha1-bWDjSzq7yDEwYsO3mO+NkBoHrzw="
    },
    "invert-kv": {
      "version": "https://registry.npmjs.org/invert-kv/-/invert-kv-1.0.0.tgz",
      "integrity": "sha1-EEqOSqym09jNFXqO+L+rLXo//bY="
    },
    "is-arrayish": {
      "version": "https://registry.npmjs.org/is-arrayish/-/is-arrayish-0.2.1.tgz",
      "integrity": "sha1-d8mYQFJ6qOyxqLppe4BkWnqSap0="
    },
    "is-builtin-module": {
      "version": "https://registry.npmjs.org/is-builtin-module/-/is-builtin-module-1.0.0.tgz",
      "integrity": "sha1-VAVy0096wxGfj3bDDLwbHgN6/74=",
      "requires": {
        "builtin-modules": "https://registry.npmjs.org/builtin-modules/-/builtin-modules-1.1.1.tgz"
      }
    },
    "is-fullwidth-code-point": {
      "version": "https://registry.npmjs.org/is-fullwidth-code-point/-/is-fullwidth-code-point-1.0.0.tgz",
      "integrity": "sha1-754xOG8DGn8NZDr4L95QxFfvAMs=",
      "requires": {
        "number-is-nan": "https://registry.npmjs.org/number-is-nan/-/number-is-nan-1.0.1.tgz"
      }
    },
    "is-stream": {
      "version": "https://registry.npmjs.org/is-stream/-/is-stream-1.1.0.tgz",
      "integrity": "sha1-EtSj3U5o4Lec6428hBc66A2RykQ="
    },
    "isexe": {
      "version": "https://registry.npmjs.org/isexe/-/isexe-2.0.0.tgz",
      "integrity": "sha1-6PvzdNxVb/iUehDcsFctYz8s+hA="
    },
    "lcid": {
      "version": "https://registry.npmjs.org/lcid/-/lcid-1.0.0.tgz",
      "integrity": "sha1-MIrMr6C8SDo4Z7S28rlQYlHRuDU=",
      "requires": {
        "invert-kv": "https://registry.npmjs.org/invert-kv/-/invert-kv-1.0.0.tgz"
      }
    },
    "load-json-file": {
      "version": "https://registry.npmjs.org/load-json-file/-/load-json-file-2.0.0.tgz",
      "integrity": "sha1-eUfkIUmvgNaWy/eXvKq8/h/inKg=",
      "requires": {
        "graceful-fs": "https://registry.npmjs.org/graceful-fs/-/graceful-fs-4.1.11.tgz",
        "parse-json": "https://registry.npmjs.org/parse-json/-/parse-json-2.2.0.tgz",
        "pify": "https://registry.npmjs.org/pify/-/pify-2.3.0.tgz",
        "strip-bom": "https://registry.npmjs.org/strip-bom/-/strip-bom-3.0.0.tgz"
      }
    },
    "locate-path": {
      "version": "https://registry.npmjs.org/locate-path/-/locate-path-2.0.0.tgz",
      "integrity": "sha1-K1aLJl7slExtnA3pw9u7ygNUzY4=",
      "requires": {
        "p-locate": "https://registry.npmjs.org/p-locate/-/p-locate-2.0.0.tgz",
        "path-exists": "https://registry.npmjs.org/path-exists/-/path-exists-3.0.0.tgz"
      }
    },
    "lodash": {
      "version": "https://registry.npmjs.org/lodash/-/lodash-4.17.4.tgz",
      "integrity": "sha1-eCA6TRwyiuHYbcpkYONptX9AVa4=",
      "dev": true
    },
    "lru-cache": {
      "version": "https://registry.npmjs.org/lru-cache/-/lru-cache-4.1.1.tgz",
      "integrity": "sha1-Yi4y6CSItJJ5EUpPns9F581rulU=",
      "requires": {
        "pseudomap": "https://registry.npmjs.org/pseudomap/-/pseudomap-1.0.2.tgz",
        "yallist": "https://registry.npmjs.org/yallist/-/yallist-2.1.2.tgz"
      }
    },
    "mem": {
      "version": "https://registry.npmjs.org/mem/-/mem-1.1.0.tgz",
      "integrity": "sha1-Xt1StIXKHZAP5kiVUFOZoN+kX3Y=",
      "requires": {
        "mimic-fn": "https://registry.npmjs.org/mimic-fn/-/mimic-fn-1.1.0.tgz"
      }
    },
    "methods": {
      "version": "1.1.2",
      "resolved": "https://npm.vip.global.square/methods/-/methods-1.1.2.tgz",
      "integrity": "sha1-VSmk1nZUE07cxSZmVoNbD4Ua/O4="
    },
    "mime": {
      "version": "1.6.0",
      "resolved": "https://npm.vip.global.square/mime/-/mime-1.6.0.tgz",
      "integrity": "sha512-x0Vn8spI+wuJ1O6S7gnbaQg8Pxh4NNHb7KSINmEWKiPE4RKOplvijn+NkmYmmRgP68mc70j2EbeTFRsrswaQeg=="
    },
    "mimic-fn": {
      "version": "https://registry.npmjs.org/mimic-fn/-/mimic-fn-1.1.0.tgz",
      "integrity": "sha1-5md4PZLonb00KBi1IwudYqZyrRg="
    },
    "normalize-package-data": {
      "version": "https://registry.npmjs.org/normalize-package-data/-/normalize-package-data-2.4.0.tgz",
      "integrity": "sha1-EvlaMH1YNSB1oEkHuErIvpisAS8=",
      "requires": {
        "hosted-git-info": "https://registry.npmjs.org/hosted-git-info/-/hosted-git-info-2.5.0.tgz",
        "is-builtin-module": "https://registry.npmjs.org/is-builtin-module/-/is-builtin-module-1.0.0.tgz",
        "semver": "https://registry.npmjs.org/semver/-/semver-5.1.0.tgz",
        "validate-npm-package-license": "https://registry.npmjs.org/validate-npm-package-license/-/validate-npm-package-license-3.0.1.tgz"
      }
    },
    "npm-run-path": {
      "version": "https://registry.npmjs.org/npm-run-path/-/npm-run-path-2.0.2.tgz",
      "integrity": "sha1-NakjLfo11wZ7TLLd8jV7GHFTbF8=",
      "requires": {
        "path-key": "https://registry.npmjs.org/path-key/-/path-key-2.0.1.tgz"
      }
    },
    "number-is-nan": {
      "version": "https://registry.npmjs.org/number-is-nan/-/number-is-nan-1.0.1.tgz",
      "integrity": "sha1-CXtgK1NCKlIsGvuHkDGDNpQaAR0="
    },
    "os-locale": {
      "version": "https://registry.npmjs.org/os-locale/-/os-locale-2.1.0.tgz",
      "integrity": "sha1-QrwpAKa1uL0XN2yOiCtlr8zyS/I=",
      "requires": {
        "execa": "https://registry.npmjs.org/execa/-/execa-0.7.0.tgz",
        "lcid": "https://registry.npmjs.org/lcid/-/lcid-1.0.0.tgz",
        "mem": "https://registry.npmjs.org/mem/-/mem-1.1.0.tgz"
      }
    },
    "p-finally": {
      "version": "https://registry.npmjs.org/p-finally/-/p-finally-1.0.0.tgz",
      "integrity": "sha1-P7z7FbiZpEEjs0ttzBi3JDNqLK4="
    },
    "p-limit": {
      "version": "https://registry.npmjs.org/p-limit/-/p-limit-1.1.0.tgz",
      "integrity": "sha1-sH/y2aXYi+yAYDWJWiurZqJ5iLw="
    },
    "p-locate": {
      "version": "https://registry.npmjs.org/p-locate/-/p-locate-2.0.0.tgz",
      "integrity": "sha1-IKAQOyIqcMj9OcwuWAaA893l7EM=",
      "requires": {
        "p-limit": "https://registry.npmjs.org/p-limit/-/p-limit-1.1.0.tgz"
      }
    },
    "parse-json": {
      "version": "https://registry.npmjs.org/parse-json/-/parse-json-2.2.0.tgz",
      "integrity": "sha1-9ID0BDTvgHQfhGkJn43qGPVaTck=",
      "requires": {
        "error-ex": "https://registry.npmjs.org/error-ex/-/error-ex-1.3.1.tgz"
      }
    },
    "path-exists": {
      "version": "https://registry.npmjs.org/path-exists/-/path-exists-3.0.0.tgz",
      "integrity": "sha1-zg6+ql94yxiSXqfYENe1mwEP1RU="
    },
    "path-key": {
      "version": "https://registry.npmjs.org/path-key/-/path-key-2.0.1.tgz",
      "integrity": "sha1-QRyttXTFoUDTpLGRDUDYDMn0C0A="
    },
    "path-type": {
      "version": "https://registry.npmjs.org/path-type/-/path-type-2.0.0.tgz",
      "integrity": "sha1-8BLMuEFbcJb8LaoQVMPXI4lZTHM=",
      "requires": {
        "pify": "https://registry.npmjs.org/pify/-/pify-2.3.0.tgz"
      }
    },
    "pify": {
      "version": "https://registry.npmjs.org/pify/-/pify-2.3.0.tgz",
      "integrity": "sha1-7RQaasBDqEnqWISY59yosVMw6Qw="
    },
    "pseudomap": {
      "version": "https://registry.npmjs.org/pseudomap/-/pseudomap-1.0.2.tgz",
      "integrity": "sha1-8FKijacOYYkX7wqKw0wa5aaChrM="
    },
    "react-dates": {
      "version": "12.6.0",
      "resolved": "https://registry.npmjs.org/react-dates/-/react-dates-12.6.0.tgz",
      "integrity": "sha1-37I/8NE2Z2iza3AYDkjo5SmS5vo="
    },
    "read-pkg": {
      "version": "https://registry.npmjs.org/read-pkg/-/read-pkg-2.0.0.tgz",
      "integrity": "sha1-jvHAYjxqbbDcZxPEv6xGMysjaPg=",
      "requires": {
        "load-json-file": "https://registry.npmjs.org/load-json-file/-/load-json-file-2.0.0.tgz",
        "normalize-package-data": "https://registry.npmjs.org/normalize-package-data/-/normalize-package-data-2.4.0.tgz",
        "path-type": "https://registry.npmjs.org/path-type/-/path-type-2.0.0.tgz"
      }
    },
    "read-pkg-up": {
      "version": "https://registry.npmjs.org/read-pkg-up/-/read-pkg-up-2.0.0.tgz",
      "integrity": "sha1-a3KoBImE4MQeeVEP1en6mbO1Sb4=",
      "requires": {
        "find-up": "https://registry.npmjs.org/find-up/-/find-up-2.1.0.tgz",
        "read-pkg": "https://registry.npmjs.org/read-pkg/-/read-pkg-2.0.0.tgz"
      }
    },
    "regenerator-runtime": {
      "version": "https://registry.npmjs.org/regenerator-runtime/-/regenerator-runtime-0.11.0.tgz",
      "integrity": "sha1-flT+W1zNXWYk6mJVw0c74JC4AuE=",
      "dev": true
    },
    "require-directory": {
      "version": "https://registry.npmjs.org/require-directory/-/require-directory-2.1.1.tgz",
      "integrity": "sha1-jGStX9MNqxyXbiNE/+f3kqam30I="
    },
    "require-main-filename": {
      "version": "https://registry.npmjs.org/require-main-filename/-/require-main-filename-1.0.1.tgz",
      "integrity": "sha1-l/cXtp1IeE9fUmpsWqj/3aBVpNE="
    },
    "semver": {
      "version": "https://registry.npmjs.org/semver/-/semver-5.1.0.tgz",
      "integrity": "sha1-hfLPhVBGXE3wAM99hvawVBBqueU="
    },
    "set-blocking": {
      "version": "https://registry.npmjs.org/set-blocking/-/set-blocking-2.0.0.tgz",
      "integrity": "sha1-BF+XgtARrppoA93TgrJDkrPYkPc="
    },
    "shebang-command": {
      "version": "https://registry.npmjs.org/shebang-command/-/shebang-command-1.2.0.tgz",
      "integrity": "sha1-RKrGW2lbAzmJaMOfNj/uXer98eo=",
      "requires": {
        "shebang-regex": "https://registry.npmjs.org/shebang-regex/-/shebang-regex-1.0.0.tgz"
      }
    },
    "shebang-regex": {
      "version": "https://registry.npmjs.org/shebang-regex/-/shebang-regex-1.0.0.tgz",
      "integrity": "sha1-2kL0l0DAtC2yypcoVxyxkMmO/qM="
    },
    "signal-exit": {
      "version": "https://registry.npmjs.org/signal-exit/-/signal-exit-3.0.2.tgz",
      "integrity": "sha1-tf3AjxKH6hF4Yo5BXiUTK3NkbG0="
    },
    "spdx-correct": {
      "version": "https://registry.npmjs.org/spdx-correct/-/spdx-correct-1.0.2.tgz",
      "integrity": "sha1-SzBz2TP/UfORLwOsVRlJikFQ20A=",
      "requires": {
        "spdx-license-ids": "https://registry.npmjs.org/spdx-license-ids/-/spdx-license-ids-1.2.2.tgz"
      }
    },
    "spdx-expression-parse": {
      "version": "https://registry.npmjs.org/spdx-expression-parse/-/spdx-expression-parse-1.0.4.tgz",
      "integrity": "sha1-m98vIOH0DtRH++JzJmGR/O1RYmw="
    },
    "spdx-license-ids": {
      "version": "https://registry.npmjs.org/spdx-license-ids/-/spdx-license-ids-1.2.2.tgz",
      "integrity": "sha1-yd96NCRZSt5r0RkA1ZZpbcBrrFc="
    },
    "square-connect": {
      "version": "2.5.2",
      "resolved": "https://npm.vip.global.square/square-connect/-/square-connect-2.5.2.tgz",
      "integrity": "sha1-1WD7ubknEbmvpgkTa1ajen6Clhs=",
      "requires": {
        "superagent": "3.5.2"
      }
    },
    "string-width": {
      "version": "https://registry.npmjs.org/string-width/-/string-width-2.1.1.tgz",
      "integrity": "sha1-q5Pyeo3BPSjKyBXEYhQ6bZASrp4=",
      "requires": {
        "is-fullwidth-code-point": "https://registry.npmjs.org/is-fullwidth-code-point/-/is-fullwidth-code-point-2.0.0.tgz",
        "strip-ansi": "https://registry.npmjs.org/strip-ansi/-/strip-ansi-4.0.0.tgz"
      },
      "dependencies": {
        "ansi-regex": {
          "version": "https://registry.npmjs.org/ansi-regex/-/ansi-regex-3.0.0.tgz",
          "integrity": "sha1-7QMXwyIGT3lGbAKWa922Bas32Zg="
        },
        "is-fullwidth-code-point": {
          "version": "https://registry.npmjs.org/is-fullwidth-code-point/-/is-fullwidth-code-point-2.0.0.tgz",
          "integrity": "sha1-o7MKXE8ZkYMWeqq5O+764937ZU8="
        },
        "strip-ansi": {
          "version": "https://registry.npmjs.org/strip-ansi/-/strip-ansi-4.0.0.tgz",
          "integrity": "sha1-qEeQIusaw2iocTibY1JixQXuNo8=",
          "requires": {
            "ansi-regex": "https://registry.npmjs.org/ansi-regex/-/ansi-regex-3.0.0.tgz"
          }
        }
      }
    },
    "strip-ansi": {
      "version": "https://registry.npmjs.org/strip-ansi/-/strip-ansi-3.0.1.tgz",
      "integrity": "sha1-ajhfuIU9lS1f8F0Oiq+UJ43GPc8=",
      "requires": {
        "ansi-regex": "https://registry.npmjs.org/ansi-regex/-/ansi-regex-2.1.1.tgz"
      }
    },
    "strip-bom": {
      "version": "https://registry.npmjs.org/strip-bom/-/strip-bom-3.0.0.tgz",
      "integrity": "sha1-IzTBjpx1n3vdVv3vfprj1YjmjtM="
    },
    "strip-eof": {
      "version": "https://registry.npmjs.org/strip-eof/-/strip-eof-1.0.0.tgz",
      "integrity": "sha1-u0P/VZim6wXYm1n80SnJgzE2Br8="
    },
    "superagent": {
      "version": "3.5.2",
      "resolved": "https://npm.vip.global.square/superagent/-/superagent-3.5.2.tgz",
      "integrity": "sha1-M2GjlxVnUEw1EGOr6q4PqiPb8/g=",
      "requires": {
        "component-emitter": "1.2.1",
        "cookiejar": "2.1.1",
        "debug": "2.6.9",
        "extend": "3.0.1",
        "form-data": "2.3.1",
        "formidable": "1.1.1",
        "methods": "1.1.2",
        "mime": "1.6.0",
        "qs": "6.5.1",
        "readable-stream": "2.3.3"
      },
      "dependencies": {
        "asynckit": {
          "version": "0.4.0",
          "resolved": "https://npm.vip.global.square/asynckit/-/asynckit-0.4.0.tgz",
          "integrity": "sha1-x57Zf380y48robyXkLzDZkdLS3k="
        },
        "combined-stream": {
          "version": "1.0.5",
          "resolved": "https://npm.vip.global.square/combined-stream/-/combined-stream-1.0.5.tgz",
          "integrity": "sha1-k4NwpXtKUd6ix3wV1cX9+JUWQAk=",
          "requires": {
            "delayed-stream": "1.0.0"
          }
        },
        "core-util-is": {
          "version": "1.0.2",
          "resolved": "https://npm.vip.global.square/core-util-is/-/core-util-is-1.0.2.tgz",
          "integrity": "sha1-tf1UIgqivFq1eqtxQMlAdUUDwac="
        },
        "debug": {
          "version": "2.6.9",
          "resolved": "https://npm.vip.global.square/debug/-/debug-2.6.9.tgz",
          "integrity": "sha512-bC7ElrdJaJnPbAP+1EotYvqZsb3ecl5wi6Bfi6BJTUcNowp6cvspg0jXznRTKDjm/E7AdgFBVeAPVMNcKGsHMA==",
          "requires": {
            "ms": "2.0.0"
          }
        },
        "delayed-stream": {
          "version": "1.0.0",
          "resolved": "https://npm.vip.global.square/delayed-stream/-/delayed-stream-1.0.0.tgz",
          "integrity": "sha1-3zrhmayt+31ECqrgsp4icrJOxhk="
        },
        "extend": {
          "version": "3.0.1",
          "resolved": "https://npm.vip.global.square/extend/-/extend-3.0.1.tgz",
          "integrity": "sha1-p1Xqe8Gt/MWjHOfnYtuq3F5jZEQ="
        },
        "form-data": {
          "version": "2.3.1",
          "resolved": "https://npm.vip.global.square/form-data/-/form-data-2.3.1.tgz",
          "integrity": "sha1-b7lPvXGIUwbXPRXMSX/kzE7NRL8=",
          "requires": {
            "asynckit": "0.4.0",
            "combined-stream": "1.0.5",
            "mime-types": "2.1.17"
          }
        },
        "inherits": {
          "version": "2.0.3",
          "resolved": "https://npm.vip.global.square/inherits/-/inherits-2.0.3.tgz",
          "integrity": "sha1-Yzwsg+PaQqUC9SRmAiSA9CCCYd4="
        },
        "isarray": {
          "version": "1.0.0",
          "resolved": "https://npm.vip.global.square/isarray/-/isarray-1.0.0.tgz",
          "integrity": "sha1-u5NdSFgsuhaMBoNJV6VKPgcSTxE="
        },
        "mime-db": {
          "version": "1.30.0",
          "resolved": "https://npm.vip.global.square/mime-db/-/mime-db-1.30.0.tgz",
          "integrity": "sha1-dMZD2i3Z1qRTmZY0ZbJtXKfXHwE="
        },
        "mime-types": {
          "version": "2.1.17",
          "resolved": "https://npm.vip.global.square/mime-types/-/mime-types-2.1.17.tgz",
          "integrity": "sha1-Cdejk/A+mVp5+K+Fe3Cp4KsWVXo=",
          "requires": {
            "mime-db": "1.30.0"
          }
        },
        "ms": {
          "version": "2.0.0",
          "resolved": "https://npm.vip.global.square/ms/-/ms-2.0.0.tgz",
          "integrity": "sha1-VgiurfwAvmwpAd9fmGF4jeDVl8g="
        },
        "process-nextick-args": {
          "version": "1.0.7",
          "resolved": "https://npm.vip.global.square/process-nextick-args/-/process-nextick-args-1.0.7.tgz",
          "integrity": "sha1-FQ4gt1ZZCtP5EJPyWk8q2L/zC6M="
        },
        "qs": {
          "version": "6.5.1",
          "resolved": "https://npm.vip.global.square/qs/-/qs-6.5.1.tgz",
          "integrity": "sha512-eRzhrN1WSINYCDCbrz796z37LOe3m5tmW7RQf6oBntukAG1nmovJvhnwHHRMAfeoItc1m2Hk02WER2aQ/iqs+A=="
        },
        "readable-stream": {
          "version": "2.3.3",
          "resolved": "https://npm.vip.global.square/readable-stream/-/readable-stream-2.3.3.tgz",
          "integrity": "sha512-m+qzzcn7KUxEmd1gMbchF+Y2eIUbieUaxkWtptyHywrX0rE8QEYqPC07Vuy4Wm32/xE16NcdBctb8S0Xe/5IeQ==",
          "requires": {
            "core-util-is": "1.0.2",
            "inherits": "2.0.3",
            "isarray": "1.0.0",
            "process-nextick-args": "1.0.7",
            "safe-buffer": "5.1.1",
            "string_decoder": "1.0.3",
            "util-deprecate": "1.0.2"
          }
        },
        "safe-buffer": {
          "version": "5.1.1",
          "resolved": "https://npm.vip.global.square/safe-buffer/-/safe-buffer-5.1.1.tgz",
          "integrity": "sha512-kKvNJn6Mm93gAczWVJg7wH+wGYWNrDHdWvpUmHyEsgCtIwwo3bqPtV4tR5tuPaUhTOo/kvhVwd8XwwOllGYkbg=="
        },
        "string_decoder": {
          "version": "1.0.3",
          "resolved": "https://npm.vip.global.square/string_decoder/-/string_decoder-1.0.3.tgz",
          "integrity": "sha512-4AH6Z5fzNNBcH+6XDMfA/BTt87skxqJlO0lAh3Dker5zThcAxG6mKz+iGu308UKoPPQ8Dcqx/4JhujzltRa+hQ==",
          "requires": {
            "safe-buffer": "5.1.1"
          }
        },
        "util-deprecate": {
          "version": "1.0.2",
          "resolved": "https://npm.vip.global.square/util-deprecate/-/util-deprecate-1.0.2.tgz",
          "integrity": "sha1-RQ1Nyfpw3nMnYvvS1KKJgUGaDM8="
        }
      }
    },
    "to-fast-properties": {
      "version": "https://registry.npmjs.org/to-fast-properties/-/to-fast-properties-1.0.3.tgz",
      "integrity": "sha1-uDVx+k2MJbguIxsG46MFXeTKGkc=",
      "dev": true
    },
    "transliteration": {
      "version": "git://github.com/reactioncommerce/transliteration.git#699d48cc8dd9a64f1a2773e1b36b6faa4bbdca2f",
      "requires": {
        "yargs": "https://registry.npmjs.org/yargs/-/yargs-8.0.2.tgz"
      },
      "dependencies": {
        "camelcase": {
          "version": "https://registry.npmjs.org/camelcase/-/camelcase-4.1.0.tgz",
          "integrity": "sha1-1UVjW+HjPFQmScaRc+Xeas+uNN0="
        },
        "cliui": {
          "version": "https://registry.npmjs.org/cliui/-/cliui-3.2.0.tgz",
          "integrity": "sha1-EgYBU3qRbSmUD5NNo7SNWFo5IT0=",
          "requires": {
            "string-width": "https://registry.npmjs.org/string-width/-/string-width-1.0.2.tgz",
            "strip-ansi": "https://registry.npmjs.org/strip-ansi/-/strip-ansi-3.0.1.tgz",
            "wrap-ansi": "https://registry.npmjs.org/wrap-ansi/-/wrap-ansi-2.1.0.tgz"
          },
          "dependencies": {
            "string-width": {
              "version": "https://registry.npmjs.org/string-width/-/string-width-1.0.2.tgz",
              "integrity": "sha1-EYvfW4zcUaKn5w0hHgfisLmxB9M=",
              "requires": {
                "code-point-at": "https://registry.npmjs.org/code-point-at/-/code-point-at-1.1.0.tgz",
                "is-fullwidth-code-point": "https://registry.npmjs.org/is-fullwidth-code-point/-/is-fullwidth-code-point-1.0.0.tgz",
                "strip-ansi": "https://registry.npmjs.org/strip-ansi/-/strip-ansi-3.0.1.tgz"
              }
            }
          }
        },
        "yargs": {
          "version": "https://registry.npmjs.org/yargs/-/yargs-8.0.2.tgz",
          "integrity": "sha1-YpmpBVsc78lp/355wdkY3Osiw2A=",
          "requires": {
            "camelcase": "https://registry.npmjs.org/camelcase/-/camelcase-4.1.0.tgz",
            "cliui": "https://registry.npmjs.org/cliui/-/cliui-3.2.0.tgz",
            "decamelize": "https://registry.npmjs.org/decamelize/-/decamelize-1.2.0.tgz",
            "get-caller-file": "https://registry.npmjs.org/get-caller-file/-/get-caller-file-1.0.2.tgz",
            "os-locale": "https://registry.npmjs.org/os-locale/-/os-locale-2.1.0.tgz",
            "read-pkg-up": "https://registry.npmjs.org/read-pkg-up/-/read-pkg-up-2.0.0.tgz",
            "require-directory": "https://registry.npmjs.org/require-directory/-/require-directory-2.1.1.tgz",
            "require-main-filename": "https://registry.npmjs.org/require-main-filename/-/require-main-filename-1.0.1.tgz",
            "set-blocking": "https://registry.npmjs.org/set-blocking/-/set-blocking-2.0.0.tgz",
            "string-width": "https://registry.npmjs.org/string-width/-/string-width-2.1.1.tgz",
            "which-module": "https://registry.npmjs.org/which-module/-/which-module-2.0.0.tgz",
            "y18n": "https://registry.npmjs.org/y18n/-/y18n-3.2.1.tgz",
            "yargs-parser": "https://registry.npmjs.org/yargs-parser/-/yargs-parser-7.0.0.tgz"
          }
        }
      }
    },
    "validate-npm-package-license": {
      "version": "https://registry.npmjs.org/validate-npm-package-license/-/validate-npm-package-license-3.0.1.tgz",
      "integrity": "sha1-KAS6vnEq0zeUWaz74kdGqywwP7w=",
      "requires": {
        "spdx-correct": "https://registry.npmjs.org/spdx-correct/-/spdx-correct-1.0.2.tgz",
        "spdx-expression-parse": "https://registry.npmjs.org/spdx-expression-parse/-/spdx-expression-parse-1.0.4.tgz"
      }
    },
    "which": {
      "version": "https://registry.npmjs.org/which/-/which-1.3.0.tgz",
      "integrity": "sha1-/wS9/AEO5UfXgL7DjhrBwnd9JTo=",
      "requires": {
        "isexe": "https://registry.npmjs.org/isexe/-/isexe-2.0.0.tgz"
      }
    },
    "which-module": {
      "version": "https://registry.npmjs.org/which-module/-/which-module-2.0.0.tgz",
      "integrity": "sha1-2e8H3Od7mQK4o6j6SzHD4/fm6Ho="
    },
    "wrap-ansi": {
      "version": "https://registry.npmjs.org/wrap-ansi/-/wrap-ansi-2.1.0.tgz",
      "integrity": "sha1-2Pw9KE3QV5T+hJc8rs3Rz4JP3YU=",
      "requires": {
        "string-width": "https://registry.npmjs.org/string-width/-/string-width-1.0.2.tgz",
        "strip-ansi": "https://registry.npmjs.org/strip-ansi/-/strip-ansi-3.0.1.tgz"
      },
      "dependencies": {
        "string-width": {
          "version": "https://registry.npmjs.org/string-width/-/string-width-1.0.2.tgz",
          "integrity": "sha1-EYvfW4zcUaKn5w0hHgfisLmxB9M=",
          "requires": {
            "code-point-at": "https://registry.npmjs.org/code-point-at/-/code-point-at-1.1.0.tgz",
            "is-fullwidth-code-point": "https://registry.npmjs.org/is-fullwidth-code-point/-/is-fullwidth-code-point-1.0.0.tgz",
            "strip-ansi": "https://registry.npmjs.org/strip-ansi/-/strip-ansi-3.0.1.tgz"
          }
        }
      }
    },
    "y18n": {
      "version": "https://registry.npmjs.org/y18n/-/y18n-3.2.1.tgz",
      "integrity": "sha1-bRX7qITAhnnA136I53WegR4H+kE="
    },
    "yallist": {
      "version": "https://registry.npmjs.org/yallist/-/yallist-2.1.2.tgz",
      "integrity": "sha1-HBH5IY8HYImkfdUS+TxmmaaoHVI="
    },
    "yargs-parser": {
      "version": "https://registry.npmjs.org/yargs-parser/-/yargs-parser-7.0.0.tgz",
      "integrity": "sha1-jQrELxbqVd69MyyvTEA4s+P139k=",
      "requires": {
        "camelcase": "https://registry.npmjs.org/camelcase/-/camelcase-4.1.0.tgz"
      },
      "dependencies": {
        "camelcase": {
          "version": "https://registry.npmjs.org/camelcase/-/camelcase-4.1.0.tgz",
          "integrity": "sha1-1UVjW+HjPFQmScaRc+Xeas+uNN0="
        }
      }
    }
  }
}
